Microsoft Visual Studio Solution File, Format Version 9.00
# Visual Studio 2005
Project("{F184B08F-C81C-45F6-A57F-5ABD9991F28F}") = "Q303243", "Q303243\Q303243.vbproj", "{E30FA550-1260-4E2A-914B-452E9695FE4C}"
EndProject
Global
	GlobalSection(SolutionConfigurationPlatforms) = preSolution
		Debug|Any CPU = Debug|Any CPU
		Release|Any CPU = Release|Any CPU
	EndGlobalSection
	GlobalSection(ProjectConfigurationPlatforms) = postSolution
		{E30FA550-1260-4E2A-914B-452E9695FE4C}.Debug|Any CPU.ActiveCfg = Debug|Any CPU
		{E30FA550-1260-4E2A-914B-452E9695FE4C}.Debug|Any CPU.Build.0 = Debug|Any CPU
		{E30FA550-1260-4E2A-914B-452E9695FE4C}.Release|Any CPU.ActiveCfg = Release|Any CPU
		{E30FA550-1260-4E2A-914B-452E9695FE4C}.Release|Any CPU.Build.0 = Release|Any CPU
	EndGlobalSection
	GlobalSection(SolutionProperties) = preSolution
		HideSolutionNode = FALSE
	EndGlobalSection
EndGlobal
